[{<<"erlzmq">>,
  {git,"https://github.com/sdwolf/erlzmq2.git",
       {ref,"269765f3127a839e336c3ce2b6511b8498f7f3ec"}},
  0},
 {<<"mochiweb">>,
  {git,"https://github.com/mochi/mochiweb.git",
       {ref,"62eac24c69e0704ea5ee1a439f1d4992a21d2a9a"}},
  0},
 {<<"sandbox">>,
  {git,"https://github.com/robertoaloi/erlang-sandbox.git",
       {ref,"57d5187dba618e8770c5f552a81f453e42f91ff5"}},
  0},
 {<<"uuid">>,
  {git,"https://github.com/travis/erlang-uuid.git",
       {ref,"f6a1cf9027e4af78b4a81201f4f6db1a822b8316"}},
  0}].
